
Microsoft Visual Studio Solution File, Format Version 12.00
# Visual Studio 15
VisualStudioVersion = 15.0.28307.645
MinimumVisualStudioVersion = 10.0.40219.1
Project("{FAE04EC0-301F-11D3-BF4B-00C04F79EFBC}") = "SpaceShoote_wpf", "SpaceShoote_wpf\SpaceShoote_wpf.csproj", "{1AB12D71-1B0A-4248-AA26-4D6C95A9535D}"
EndProject
Project("{FAE04EC0-301F-11D3-BF4B-00C04F79EFBC}") = "GameObjects", "GameObjects\GameObjects.csproj", "{D8E0A8C8-C9C3-4470-A951-FD7E896DE905}"
EndProject
Global
	GlobalSection(SolutionConfigurationPlatforms) = preSolution
		Debug|Any CPU = Debug|Any CPU
		Release|Any CPU = Release|Any CPU
	EndGlobalSection
	GlobalSection(ProjectConfigurationPlatforms) = postSolution
		{1AB12D71-1B0A-4248-AA26-4D6C95A9535D}.Debug|Any CPU.ActiveCfg = Debug|Any CPU
		{1AB12D71-1B0A-4248-AA26-4D6C95A9535D}.Debug|Any CPU.Build.0 = Debug|Any CPU
		{1AB12D71-1B0A-4248-AA26-4D6C95A9535D}.Release|Any CPU.ActiveCfg = Release|Any CPU
		{1AB12D71-1B0A-4248-AA26-4D6C95A9535D}.Release|Any CPU.Build.0 = Release|Any CPU
		{D8E0A8C8-C9C3-4470-A951-FD7E896DE905}.Debug|Any CPU.ActiveCfg = Debug|Any CPU
		{D8E0A8C8-C9C3-4470-A951-FD7E896DE905}.Debug|Any CPU.Build.0 = Debug|Any CPU
		{D8E0A8C8-C9C3-4470-A951-FD7E896DE905}.Release|Any CPU.ActiveCfg = Release|Any CPU
		{D8E0A8C8-C9C3-4470-A951-FD7E896DE905}.Release|Any CPU.Build.0 = Release|Any CPU
	EndGlobalSection
	GlobalSection(SolutionProperties) = preSolution
		HideSolutionNode = FALSE
	EndGlobalSection
	GlobalSection(ExtensibilityGlobals) = postSolution
		SolutionGuid = {41E41811-5928-4D79-8B3F-B364F3B1FD69}
	EndGlobalSection
EndGlobal
